<?xml version="1.0" encoding="UTF-8"?>
<!DOCTYPE plist PUBLIC "-//Apple//DTD PLIST 1.0//EN" "http://www.apple.com/DTDs/PropertyList-1.0.dtd">
<plist version="1.0">
<dict>
	<key>archiveVersion</key>
	<string>1</string>
	<key>classes</key>
	<dict/>
	<key>objectVersion</key>
	<string>46</string>
	<key>objects</key>
	<dict>
		<key>36562FF26C904289AD6213BE</key>
		<dict>
			<key>buildActionMask</key>
			<string>2147483647</string>
			<key>files</key>
			<array/>
			<key>inputPaths</key>
			<array/>
			<key>isa</key>
			<string>PBXShellScriptBuildPhase</string>
			<key>name</key>
			<string>Copy Pods Resources</string>
			<key>outputPaths</key>
			<array/>
			<key>runOnlyForDeploymentPostprocessing</key>
			<string>0</string>
			<key>shellPath</key>
			<string>/bin/sh</string>
			<key>shellScript</key>
			<string>"${SRCROOT}/Pods/Pods-resources.sh"
</string>
		</dict>
		<key>52AB59DAC229476486E1EC36</key>
		<dict>
			<key>explicitFileType</key>
			<string>archive.ar</string>
			<key>includeInIndex</key>
			<string>0</string>
			<key>isa</key>
			<string>PBXFileReference</string>
			<key>name</key>
			<string>libPods.a</string>
			<key>path</key>
			<string>libPods.a</string>
			<key>sourceTree</key>
			<string>BUILT_PRODUCTS_DIR</string>
		</dict>
		<key>8D002350161F4000005CF84C</key>
		<dict>
			<key>children</key>
			<array>
				<string>8D002351161F4000005CF84C</string>
				<string>8D002359161F4000005CF84C</string>
				<string>8D00235A161F4000005CF84C</string>
				<string>8D00235B161F4000005CF84C</string>
				<string>8D00235C161F4000005CF84C</string>
			</array>
			<key>isa</key>
			<string>PBXGroup</string>
			<key>path</key>
			<string>Demo</string>
			<key>sourceTree</key>
			<string>&lt;group&gt;</string>
		</dict>
		<key>8D002351161F4000005CF84C</key>
		<dict>
			<key>children</key>
			<array>
				<string>8D002352161F4000005CF84C</string>
				<string>8D002355161F4000005CF84C</string>
			</array>
			<key>isa</key>
			<string>PBXGroup</string>
			<key>path</key>
			<string>Classes</string>
			<key>sourceTree</key>
			<string>&lt;group&gt;</string>
		</dict>
		<key>8D002352161F4000005CF84C</key>
		<dict>
			<key>children</key>
			<array>
				<string>8D002353161F4000005CF84C</string>
				<string>8D002354161F4000005CF84C</string>
			</array>
			<key>isa</key>
			<string>PBXGroup</string>
			<key>path</key>
			<string>AppDelegate</string>
			<key>sourceTree</key>
			<string>&lt;group&gt;</string>
		</dict>
		<key>8D002353161F4000005CF84C</key>
		<dict>
			<key>fileEncoding</key>
			<string>4</string>
			<key>isa</key>
			<string>PBXFileReference</string>
			<key>lastKnownFileType</key>
			<string>sourcecode.c.h</string>
			<key>lineEnding</key>
			<string>0</string>
			<key>path</key>
			<string>AppDelegate.h</string>
			<key>sourceTree</key>
			<string>&lt;group&gt;</string>
			<key>xcLanguageSpecificationIdentifier</key>
			<string>xcode.lang.objcpp</string>
		</dict>
		<key>8D002354161F4000005CF84C</key>
		<dict>
			<key>fileEncoding</key>
			<string>4</string>
			<key>isa</key>
			<string>PBXFileReference</string>
			<key>lastKnownFileType</key>
			<string>sourcecode.c.objc</string>
			<key>lineEnding</key>
			<string>0</string>
			<key>path</key>
			<string>AppDelegate.m</string>
			<key>sourceTree</key>
			<string>&lt;group&gt;</string>
			<key>xcLanguageSpecificationIdentifier</key>
			<string>xcode.lang.objc</string>
		</dict>
		<key>8D002355161F4000005CF84C</key>
		<dict>
			<key>children</key>
			<array>
				<string>8D002356161F4000005CF84C</string>
			</array>
			<key>isa</key>
			<string>PBXGroup</string>
			<key>path</key>
			<string>Controllers</string>
			<key>sourceTree</key>
			<string>&lt;group&gt;</string>
		</dict>
		<key>8D002356161F4000005CF84C</key>
		<dict>
			<key>children</key>
			<array>
				<string>8D002357161F4000005CF84C</string>
				<string>8D002358161F4000005CF84C</string>
			</array>
			<key>isa</key>
			<string>PBXGroup</string>
			<key>path</key>
			<string>ViewController</string>
			<key>sourceTree</key>
			<string>&lt;group&gt;</string>
		</dict>
		<key>8D002357161F4000005CF84C</key>
		<dict>
			<key>fileEncoding</key>
			<string>4</string>
			<key>isa</key>
			<string>PBXFileReference</string>
			<key>lastKnownFileType</key>
			<string>sourcecode.c.h</string>
			<key>lineEnding</key>
			<string>0</string>
			<key>path</key>
			<string>ViewController.h</string>
			<key>sourceTree</key>
			<string>&lt;group&gt;</string>
			<key>xcLanguageSpecificationIdentifier</key>
			<string>xcode.lang.objcpp</string>
		</dict>
		<key>8D002358161F4000005CF84C</key>
		<dict>
			<key>fileEncoding</key>
			<string>4</string>
			<key>isa</key>
			<string>PBXFileReference</string>
			<key>lastKnownFileType</key>
			<string>sourcecode.c.objc</string>
			<key>lineEnding</key>
			<string>0</string>
			<key>path</key>
			<string>ViewController.m</string>
			<key>sourceTree</key>
			<string>&lt;group&gt;</string>
			<key>xcLanguageSpecificationIdentifier</key>
			<string>xcode.lang.objc</string>
		</dict>
		<key>8D002359161F4000005CF84C</key>
		<dict>
			<key>fileEncoding</key>
			<string>4</string>
			<key>isa</key>
			<string>PBXFileReference</string>
			<key>lastKnownFileType</key>
			<string>text.plist.xml</string>
			<key>path</key>
			<string>Demo-Info.plist</string>
			<key>sourceTree</key>
			<string>&lt;group&gt;</string>
		</dict>
		<key>8D00235A161F4000005CF84C</key>
		<dict>
			<key>fileEncoding</key>
			<string>4</string>
			<key>isa</key>
			<string>PBXFileReference</string>
			<key>lastKnownFileType</key>
			<string>sourcecode.c.h</string>
			<key>lineEnding</key>
			<string>0</string>
			<key>path</key>
			<string>Demo-Prefix.pch</string>
			<key>sourceTree</key>
			<string>&lt;group&gt;</string>
			<key>xcLanguageSpecificationIdentifier</key>
			<string>xcode.lang.objc</string>
		</dict>
		<key>8D00235B161F4000005CF84C</key>
		<dict>
			<key>fileEncoding</key>
			<string>4</string>
			<key>isa</key>
			<string>PBXFileReference</string>
			<key>lastKnownFileType</key>
			<string>sourcecode.c.objc</string>
			<key>lineEnding</key>
			<string>0</string>
			<key>path</key>
			<string>main.m</string>
			<key>sourceTree</key>
			<string>&lt;group&gt;</string>
			<key>xcLanguageSpecificationIdentifier</key>
			<string>xcode.lang.objc</string>
		</dict>
		<key>8D00235C161F4000005CF84C</key>
		<dict>
			<key>children</key>
			<array>
				<string>8D00235D161F4000005CF84C</string>
				<string>8D00235E161F4000005CF84C</string>
			</array>
			<key>isa</key>
			<string>PBXGroup</string>
			<key>path</key>
			<string>Storyboards</string>
			<key>sourceTree</key>
			<string>&lt;group&gt;</string>
		</dict>
		<key>8D00235D161F4000005CF84C</key>
		<dict>
			<key>fileEncoding</key>
			<string>4</string>
			<key>isa</key>
			<string>PBXFileReference</string>
			<key>lastKnownFileType</key>
			<string>file.storyboard</string>
			<key>path</key>
			<string>MainStoryboard_iPad.storyboard</string>
			<key>sourceTree</key>
			<string>&lt;group&gt;</string>
		</dict>
		<key>8D00235E161F4000005CF84C</key>
		<dict>
			<key>fileEncoding</key>
			<string>4</string>
			<key>isa</key>
			<string>PBXFileReference</string>
			<key>lastKnownFileType</key>
			<string>file.storyboard</string>
			<key>path</key>
			<string>MainStoryboard_iPhone.storyboard</string>
			<key>sourceTree</key>
			<string>&lt;group&gt;</string>
		</dict>
		<key>8D00235F161F4000005CF84C</key>
		<dict>
			<key>fileRef</key>
			<string>8D002354161F4000005CF84C</string>
			<key>isa</key>
			<string>PBXBuildFile</string>
		</dict>
		<key>8D002360161F4000005CF84C</key>
		<dict>
			<key>fileRef</key>
			<string>8D002358161F4000005CF84C</string>
			<key>isa</key>
			<string>PBXBuildFile</string>
		</dict>
		<key>8D002361161F4000005CF84C</key>
		<dict>
			<key>fileRef</key>
			<string>8D002359161F4000005CF84C</string>
			<key>isa</key>
			<string>PBXBuildFile</string>
		</dict>
		<key>8D002362161F4000005CF84C</key>
		<dict>
			<key>fileRef</key>
			<string>8D00235B161F4000005CF84C</string>
			<key>isa</key>
			<string>PBXBuildFile</string>
		</dict>
		<key>8D002363161F4000005CF84C</key>
		<dict>
			<key>fileRef</key>
			<string>8D00235D161F4000005CF84C</string>
			<key>isa</key>
			<string>PBXBuildFile</string>
		</dict>
		<key>8D002364161F4000005CF84C</key>
		<dict>
			<key>fileRef</key>
			<string>8D00235E161F4000005CF84C</string>
			<key>isa</key>
			<string>PBXBuildFile</string>
		</dict>
		<key>8D34BF2A161AB654007D6051</key>
		<dict>
			<key>children</key>
			<array>
				<string>8D6899FC161FA063002015AA</string>
				<string>8D002350161F4000005CF84C</string>
				<string>8D34BF38161AB654007D6051</string>
				<string>8D34BF36161AB654007D6051</string>
				<string>B53D1FA6E5B9414FB3FA46F7</string>
			</array>
			<key>isa</key>
			<string>PBXGroup</string>
			<key>sourceTree</key>
			<string>&lt;group&gt;</string>
		</dict>
		<key>8D34BF2C161AB654007D6051</key>
		<dict>
			<key>attributes</key>
			<dict>
				<key>LastUpgradeCheck</key>
				<string>0440</string>
				<key>ORGANIZATIONNAME</key>
				<string>Matthew McCroskey</string>
			</dict>
			<key>buildConfigurationList</key>
			<string>8D34BF2F161AB654007D6051</string>
			<key>compatibilityVersion</key>
			<string>Xcode 3.2</string>
			<key>developmentRegion</key>
			<string>English</string>
			<key>hasScannedForEncodings</key>
			<string>0</string>
			<key>isa</key>
			<string>PBXProject</string>
			<key>knownRegions</key>
			<array>
				<string>en</string>
			</array>
			<key>mainGroup</key>
			<string>8D34BF2A161AB654007D6051</string>
			<key>productRefGroup</key>
			<string>8D34BF36161AB654007D6051</string>
			<key>projectDirPath</key>
			<string></string>
			<key>projectRoot</key>
			<string></string>
			<key>targets</key>
			<array>
				<string>8D34BF34161AB654007D6051</string>
			</array>
		</dict>
		<key>8D34BF2F161AB654007D6051</key>
		<dict>
			<key>buildConfigurations</key>
			<array>
				<string>8D34BF54161AB654007D6051</string>
				<string>8D34BF55161AB654007D6051</string>
			</array>
			<key>defaultConfigurationIsVisible</key>
			<string>0</string>
			<key>defaultConfigurationName</key>
			<string>Release</string>
			<key>isa</key>
			<string>XCConfigurationList</string>
		</dict>
		<key>8D34BF31161AB654007D6051</key>
		<dict>
			<key>buildActionMask</key>
			<string>2147483647</string>
			<key>files</key>
			<array>
				<string>8D00235F161F4000005CF84C</string>
				<string>8D002360161F4000005CF84C</string>
				<string>8D002362161F4000005CF84C</string>
				<string>8D6899FF161FA063002015AA</string>
			</array>
			<key>isa</key>
			<string>PBXSourcesBuildPhase</string>
			<key>runOnlyForDeploymentPostprocessing</key>
			<string>0</string>
		</dict>
		<key>8D34BF32161AB654007D6051</key>
		<dict>
			<key>buildActionMask</key>
			<string>2147483647</string>
			<key>files</key>
			<array>
				<string>8D34BF3E161AB654007D6051</string>
				<string>8D34BF3C161AB654007D6051</string>
				<string>8D689A07161FA60B002015AA</string>
				<string>8D34BF3A161AB654007D6051</string>
				<string>9F5043D771D0407AA6C0583A</string>
			</array>
			<key>isa</key>
			<string>PBXFrameworksBuildPhase</string>
			<key>runOnlyForDeploymentPostprocessing</key>
			<string>0</string>
		</dict>
		<key>8D34BF33161AB654007D6051</key>
		<dict>
			<key>buildActionMask</key>
			<string>2147483647</string>
			<key>files</key>
			<array>
				<string>8D002361161F4000005CF84C</string>
				<string>8D002363161F4000005CF84C</string>
				<string>8D002364161F4000005CF84C</string>
			</array>
			<key>isa</key>
			<string>PBXResourcesBuildPhase</string>
			<key>runOnlyForDeploymentPostprocessing</key>
			<string>0</string>
		</dict>
		<key>8D34BF34161AB654007D6051</key>
		<dict>
			<key>buildConfigurationList</key>
			<string>8D34BF56161AB654007D6051</string>
			<key>buildPhases</key>
			<array>
				<string>8D34BF31161AB654007D6051</string>
				<string>8D34BF32161AB654007D6051</string>
				<string>8D34BF33161AB654007D6051</string>
				<string>36562FF26C904289AD6213BE</string>
			</array>
			<key>buildRules</key>
			<array/>
			<key>dependencies</key>
			<array/>
			<key>isa</key>
			<string>PBXNativeTarget</string>
			<key>name</key>
			<string>Demo</string>
			<key>productName</key>
			<string>MMTicker</string>
			<key>productReference</key>
			<string>8D34BF35161AB654007D6051</string>
			<key>productType</key>
			<string>com.apple.product-type.application</string>
		</dict>
		<key>8D34BF35161AB654007D6051</key>
		<dict>
			<key>explicitFileType</key>
			<string>wrapper.application</string>
			<key>includeInIndex</key>
			<string>0</string>
			<key>isa</key>
			<string>PBXFileReference</string>
			<key>name</key>
			<string>Demo.app</string>
			<key>path</key>
			<string>Demo.app</string>
			<key>sourceTree</key>
			<string>BUILT_PRODUCTS_DIR</string>
		</dict>
		<key>8D34BF36161AB654007D6051</key>
		<dict>
			<key>children</key>
			<array>
				<string>8D34BF35161AB654007D6051</string>
			</array>
			<key>isa</key>
			<string>PBXGroup</string>
			<key>name</key>
			<string>Products</string>
			<key>sourceTree</key>
			<string>&lt;group&gt;</string>
		</dict>
		<key>8D34BF38161AB654007D6051</key>
		<dict>
			<key>children</key>
			<array>
				<string>8D34BF3D161AB654007D6051</string>
				<string>8D34BF3B161AB654007D6051</string>
				<string>8D689A05161FA5FE002015AA</string>
				<string>8D34BF39161AB654007D6051</string>
				<string>52AB59DAC229476486E1EC36</string>
			</array>
			<key>isa</key>
			<string>PBXGroup</string>
			<key>name</key>
			<string>Frameworks</string>
			<key>sourceTree</key>
			<string>&lt;group&gt;</string>
		</dict>
		<key>8D34BF39161AB654007D6051</key>
		<dict>
			<key>includeInIndex</key>
			<string>1</string>
			<key>isa</key>
			<string>PBXFileReference</string>
			<key>lastKnownFileType</key>
			<string>wrapper.framework</string>
			<key>name</key>
			<string>UIKit.framework</string>
			<key>path</key>
			<string>System/Library/Frameworks/UIKit.framework</string>
			<key>sourceTree</key>
			<string>SDKROOT</string>
		</dict>
		<key>8D34BF3A161AB654007D6051</key>
		<dict>
			<key>fileRef</key>
			<string>8D34BF39161AB654007D6051</string>
			<key>isa</key>
			<string>PBXBuildFile</string>
		</dict>
		<key>8D34BF3B161AB654007D6051</key>
		<dict>
			<key>includeInIndex</key>
			<string>1</string>
			<key>isa</key>
			<string>PBXFileReference</string>
			<key>lastKnownFileType</key>
			<string>wrapper.framework</string>
			<key>name</key>
			<string>Foundation.framework</string>
			<key>path</key>
			<string>System/Library/Frameworks/Foundation.framework</string>
			<key>sourceTree</key>
			<string>SDKROOT</string>
		</dict>
		<key>8D34BF3C161AB654007D6051</key>
		<dict>
			<key>fileRef</key>
			<string>8D34BF3B161AB654007D6051</string>
			<key>isa</key>
			<string>PBXBuildFile</string>
		</dict>
		<key>8D34BF3D161AB654007D6051</key>
		<dict>
			<key>includeInIndex</key>
			<string>1</string>
			<key>isa</key>
			<string>PBXFileReference</string>
			<key>lastKnownFileType</key>
			<string>wrapper.framework</string>
			<key>name</key>
			<string>CoreGraphics.framework</string>
			<key>path</key>
			<string>System/Library/Frameworks/CoreGraphics.framework</string>
			<key>sourceTree</key>
			<string>SDKROOT</string>
		</dict>
		<key>8D34BF3E161AB654007D6051</key>
		<dict>
			<key>fileRef</key>
			<string>8D34BF3D161AB654007D6051</string>
			<key>isa</key>
			<string>PBXBuildFile</string>
		</dict>
		<key>8D34BF54161AB654007D6051</key>
		<dict>
			<key>buildSettings</key>
			<dict>
				<key>ALWAYS_SEARCH_USER_PATHS</key>
				<string>NO</string>
				<key>ARCHS</key>
				<string>$(ARCHS_STANDARD_32_BIT)</string>
				<key>CLANG_CXX_LANGUAGE_STANDARD</key>
				<string>gnu++0x</string>
				<key>CLANG_ENABLE_OBJC_ARC</key>
				<string>YES</string>
				<key>CLANG_WARN__DUPLICATE_METHOD_MATCH</key>
				<string>YES</string>
				<key>CODE_SIGN_IDENTITY[sdk=iphoneos*]</key>
				<string>iPhone Developer</string>
				<key>COPY_PHASE_STRIP</key>
				<string>NO</string>
				<key>GCC_C_LANGUAGE_STANDARD</key>
				<string>gnu99</string>
				<key>GCC_DYNAMIC_NO_PIC</key>
				<string>NO</string>
				<key>GCC_OPTIMIZATION_LEVEL</key>
				<string>0</string>
				<key>GCC_PREPROCESSOR_DEFINITIONS</key>
				<array>
					<string>DEBUG=1</string>
					<string>$(inherited)</string>
				</array>
				<key>GCC_SYMBOLS_PRIVATE_EXTERN</key>
				<string>NO</string>
				<key>GCC_VERSION</key>
				<string>com.apple.compilers.llvm.clang.1_0</string>
				<key>GCC_WARN_ABOUT_RETURN_TYPE</key>
				<string>YES</string>
				<key>GCC_WARN_UNINITIALIZED_AUTOS</key>
				<string>YES</string>
				<key>GCC_WARN_UNUSED_VARIABLE</key>
				<string>YES</string>
				<key>IPHONEOS_DEPLOYMENT_TARGET</key>
				<string>5.1</string>
				<key>SDKROOT</key>
				<string>iphoneos</string>
				<key>TARGETED_DEVICE_FAMILY</key>
				<string>1,2</string>
			</dict>
			<key>isa</key>
			<string>XCBuildConfiguration</string>
			<key>name</key>
			<string>Debug</string>
		</dict>
		<key>8D34BF55161AB654007D6051</key>
		<dict>
			<key>buildSettings</key>
			<dict>
				<key>ALWAYS_SEARCH_USER_PATHS</key>
				<string>NO</string>
				<key>ARCHS</key>
				<string>$(ARCHS_STANDARD_32_BIT)</string>
				<key>CLANG_CXX_LANGUAGE_STANDARD</key>
				<string>gnu++0x</string>
				<key>CLANG_ENABLE_OBJC_ARC</key>
				<string>YES</string>
				<key>CLANG_WARN__DUPLICATE_METHOD_MATCH</key>
				<string>YES</string>
				<key>CODE_SIGN_IDENTITY[sdk=iphoneos*]</key>
				<string>iPhone Developer</string>
				<key>COPY_PHASE_STRIP</key>
				<string>YES</string>
				<key>GCC_C_LANGUAGE_STANDARD</key>
				<string>gnu99</string>
				<key>GCC_VERSION</key>
				<string>com.apple.compilers.llvm.clang.1_0</string>
				<key>GCC_WARN_ABOUT_RETURN_TYPE</key>
				<string>YES</string>
				<key>GCC_WARN_UNINITIALIZED_AUTOS</key>
				<string>YES</string>
				<key>GCC_WARN_UNUSED_VARIABLE</key>
				<string>YES</string>
				<key>IPHONEOS_DEPLOYMENT_TARGET</key>
				<string>5.1</string>
				<key>OTHER_CFLAGS</key>
				<string>-DNS_BLOCK_ASSERTIONS=1</string>
				<key>SDKROOT</key>
				<string>iphoneos</string>
				<key>TARGETED_DEVICE_FAMILY</key>
				<string>1,2</string>
				<key>VALIDATE_PRODUCT</key>
				<string>YES</string>
			</dict>
			<key>isa</key>
			<string>XCBuildConfiguration</string>
			<key>name</key>
			<string>Release</string>
		</dict>
		<key>8D34BF56161AB654007D6051</key>
		<dict>
			<key>buildConfigurations</key>
			<array>
				<string>8D34BF57161AB654007D6051</string>
				<string>8D34BF58161AB654007D6051</string>
			</array>
			<key>defaultConfigurationIsVisible</key>
			<string>0</string>
			<key>defaultConfigurationName</key>
			<string>Release</string>
			<key>isa</key>
			<string>XCConfigurationList</string>
		</dict>
		<key>8D34BF57161AB654007D6051</key>
		<dict>
			<key>baseConfigurationReference</key>
			<string>B53D1FA6E5B9414FB3FA46F7</string>
			<key>buildSettings</key>
			<dict>
				<key>GCC_PRECOMPILE_PREFIX_HEADER</key>
				<string>YES</string>
				<key>GCC_PREFIX_HEADER</key>
				<string>Demo/Demo-Prefix.pch</string>
				<key>INFOPLIST_FILE</key>
				<string>$(SRCROOT)/Demo/Demo-Info.plist</string>
				<key>PRODUCT_NAME</key>
				<string>Demo</string>
				<key>WRAPPER_EXTENSION</key>
				<string>app</string>
			</dict>
			<key>isa</key>
			<string>XCBuildConfiguration</string>
			<key>name</key>
			<string>Debug</string>
		</dict>
		<key>8D34BF58161AB654007D6051</key>
		<dict>
			<key>baseConfigurationReference</key>
			<string>B53D1FA6E5B9414FB3FA46F7</string>
			<key>buildSettings</key>
			<dict>
				<key>GCC_PRECOMPILE_PREFIX_HEADER</key>
				<string>YES</string>
				<key>GCC_PREFIX_HEADER</key>
				<string>Demo/Demo-Prefix.pch</string>
				<key>INFOPLIST_FILE</key>
				<string>$(SRCROOT)/Demo/Demo-Info.plist</string>
				<key>PRODUCT_NAME</key>
				<string>Demo</string>
				<key>WRAPPER_EXTENSION</key>
				<string>app</string>
			</dict>
			<key>isa</key>
			<string>XCBuildConfiguration</string>
			<key>name</key>
			<string>Release</string>
		</dict>
		<key>8D6899FC161FA063002015AA</key>
		<dict>
			<key>children</key>
			<array>
				<string>8D6899FD161FA063002015AA</string>
				<string>8D6899FE161FA063002015AA</string>
			</array>
			<key>isa</key>
			<string>PBXGroup</string>
			<key>name</key>
			<string>Component</string>
			<key>path</key>
			<string>../Component</string>
			<key>sourceTree</key>
			<string>&lt;group&gt;</string>
		</dict>
		<key>8D6899FD161FA063002015AA</key>
		<dict>
			<key>fileEncoding</key>
			<string>4</string>
			<key>isa</key>
			<string>PBXFileReference</string>
			<key>lastKnownFileType</key>
			<string>sourcecode.c.h</string>
			<key>lineEnding</key>
			<string>0</string>
			<key>path</key>
			<string>MMCounterView.h</string>
			<key>sourceTree</key>
			<string>&lt;group&gt;</string>
			<key>xcLanguageSpecificationIdentifier</key>
			<string>xcode.lang.objcpp</string>
		</dict>
		<key>8D6899FE161FA063002015AA</key>
		<dict>
			<key>fileEncoding</key>
			<string>4</string>
			<key>isa</key>
			<string>PBXFileReference</string>
			<key>lastKnownFileType</key>
			<string>sourcecode.c.objc</string>
			<key>lineEnding</key>
			<string>0</string>
			<key>path</key>
			<string>MMCounterView.m</string>
			<key>sourceTree</key>
			<string>&lt;group&gt;</string>
			<key>xcLanguageSpecificationIdentifier</key>
			<string>xcode.lang.objc</string>
		</dict>
		<key>8D6899FF161FA063002015AA</key>
		<dict>
			<key>fileRef</key>
			<string>8D6899FE161FA063002015AA</string>
			<key>isa</key>
			<string>PBXBuildFile</string>
		</dict>
		<key>8D689A05161FA5FE002015AA</key>
		<dict>
			<key>includeInIndex</key>
			<string>1</string>
			<key>isa</key>
			<string>PBXFileReference</string>
			<key>lastKnownFileType</key>
			<string>wrapper.framework</string>
			<key>name</key>
			<string>QuartzCore.framework</string>
			<key>path</key>
			<string>System/Library/Frameworks/QuartzCore.framework</string>
			<key>sourceTree</key>
			<string>SDKROOT</string>
		</dict>
		<key>8D689A07161FA60B002015AA</key>
		<dict>
			<key>fileRef</key>
			<string>8D689A05161FA5FE002015AA</string>
			<key>isa</key>
			<string>PBXBuildFile</string>
		</dict>
		<key>9F5043D771D0407AA6C0583A</key>
		<dict>
			<key>fileRef</key>
			<string>52AB59DAC229476486E1EC36</string>
			<key>isa</key>
			<string>PBXBuildFile</string>
		</dict>
		<key>B53D1FA6E5B9414FB3FA46F7</key>
		<dict>
			<key>includeInIndex</key>
			<string>1</string>
			<key>isa</key>
			<string>PBXFileReference</string>
			<key>lastKnownFileType</key>
			<string>text.xcconfig</string>
			<key>name</key>
			<string>Pods.xcconfig</string>
			<key>path</key>
			<string>Pods/Pods.xcconfig</string>
			<key>sourceTree</key>
			<string>SOURCE_ROOT</string>
		</dict>
	</dict>
	<key>rootObject</key>
	<string>8D34BF2C161AB654007D6051</string>
</dict>
</plist>
