
PODS:
- CPAnimationSequence (0.2.1)

DEPENDENCIES:
- CPAnimationSequence (from `https://github.com/mmccroskey/CPAnimationSequence.git')

EXTERNAL SOURCES:
  CPAnimationSequence:
    :git: https://github.com/mmccroskey/CPAnimationSequence.git

SPEC CHECKSUMS:
  CPAnimationSequence: 1afe6c2ae23052e45545b6644d1a77823ccbf34f

COCOAPODS: 0.15.0
